
Microsoft Visual Studio Solution File, Format Version 12.00
# Visual Studio Version 16
VisualStudioVersion = 16.0.32106.194
MinimumVisualStudioVersion = 10.0.40219.1
Project("{FAE04EC0-301F-11D3-BF4B-00C04F79EFBC}") = "Benner", "Benner.csproj", "{C7AF6BF6-92C2-42EE-BD9E-27BB56DB5A63}"
EndProject
Global
	GlobalSection(SolutionConfigurationPlatforms) = preSolution
		Debug|Any CPU = Debug|Any CPU
		Release|Any CPU = Release|Any CPU
	EndGlobalSection
	GlobalSection(ProjectConfigurationPlatforms) = postSolution
		{C7AF6BF6-92C2-42EE-BD9E-27BB56DB5A63}.Debug|Any CPU.ActiveCfg = Debug|Any CPU
		{C7AF6BF6-92C2-42EE-BD9E-27BB56DB5A63}.Debug|Any CPU.Build.0 = Debug|Any CPU
		{C7AF6BF6-92C2-42EE-BD9E-27BB56DB5A63}.Release|Any CPU.ActiveCfg = Release|Any CPU
		{C7AF6BF6-92C2-42EE-BD9E-27BB56DB5A63}.Release|Any CPU.Build.0 = Release|Any CPU
	EndGlobalSection
	GlobalSection(SolutionProperties) = preSolution
		HideSolutionNode = FALSE
	EndGlobalSection
	GlobalSection(ExtensibilityGlobals) = postSolution
		SolutionGuid = {1E0DD6E6-E21D-4BC7-B9D6-FA224220745B}
	EndGlobalSection
EndGlobal
